
Microsoft Visual Studio Solution File, Format Version 12.00
# Visual Studio 15
VisualStudioVersion = 15.0.28307.779
MinimumVisualStudioVersion = 10.0.40219.1
Project("{FAE04EC0-301F-11D3-BF4B-00C04F79EFBC}") = "WinFormTask", "WinFormTask\WinFormTask.csproj", "{4F051865-E923-4ECF-8FA1-3F1C7EFCAC5C}"
EndProject
Project("{FAE04EC0-301F-11D3-BF4B-00C04F79EFBC}") = "WinConsoleTask", "WinConsoleTask\WinConsoleTask.csproj", "{B07385F6-D515-466A-A8E7-693312628EF2}"
EndProject
Global
	GlobalSection(SolutionConfigurationPlatforms) = preSolution
		Debug|Any CPU = Debug|Any CPU
		Release|Any CPU = Release|Any CPU
	EndGlobalSection
	GlobalSection(ProjectConfigurationPlatforms) = postSolution
		{4F051865-E923-4ECF-8FA1-3F1C7EFCAC5C}.Debug|Any CPU.ActiveCfg = Debug|Any CPU
		{4F051865-E923-4ECF-8FA1-3F1C7EFCAC5C}.Debug|Any CPU.Build.0 = Debug|Any CPU
		{4F051865-E923-4ECF-8FA1-3F1C7EFCAC5C}.Release|Any CPU.ActiveCfg = Release|Any CPU
		{4F051865-E923-4ECF-8FA1-3F1C7EFCAC5C}.Release|Any CPU.Build.0 = Release|Any CPU
		{B07385F6-D515-466A-A8E7-693312628EF2}.Debug|Any CPU.ActiveCfg = Debug|Any CPU
		{B07385F6-D515-466A-A8E7-693312628EF2}.Debug|Any CPU.Build.0 = Debug|Any CPU
		{B07385F6-D515-466A-A8E7-693312628EF2}.Release|Any CPU.ActiveCfg = Release|Any CPU
		{B07385F6-D515-466A-A8E7-693312628EF2}.Release|Any CPU.Build.0 = Release|Any CPU
	EndGlobalSection
	GlobalSection(SolutionProperties) = preSolution
		HideSolutionNode = FALSE
	EndGlobalSection
	GlobalSection(ExtensibilityGlobals) = postSolution
		SolutionGuid = {6997C9FD-7A19-4E69-AF1D-DE12572CD9EF}
	EndGlobalSection
EndGlobal
